<?xml version="1.0" encoding="utf-8"?>
<Project ToolsVersion="4.0" xmlns="http://schemas.microsoft.com/developer/msbuild/2003">
  <ItemGroup>
    <ClInclude Include="src\ModelAPI\Dx11Model.h" />
    <ClInclude Include="src\ModelAPI\ModelAPI.h" />
    <ClInclude Include="src\ModelAPI\ModelInfo.h" />
    <ClInclude Include="src\ModelAPI\OpenGLModel.h" />
    <ClInclude Include="src\PostProccessAPI\PostProccessAPI.h" />
    <ClInclude Include="src\PostProccessAPI\Dx11PostProccess.h" />
    <ClInclude Include="src\PostProccessAPI\OpenGLPostProccess.h" />
    <ClInclude Include="src\RenderAPI\Dx11Renderer.h" />
    <ClInclude Include="src\RenderAPI\RenderBackend.h" />
    <ClInclude Include="src\RenderAPI\RendererAPI.h" />
    <ClInclude Include="src\SceneAPI\OpenGLScene.h" />
    <ClInclude Include="src\SceneAPI\SceneAPI.h" />
    <ClInclude Include="src\SceneAPI\Dx11Scene.h" />
    <ClInclude Include="src\ShaderAPI\Dx11Shader.h" />
    <ClInclude Include="src\ShaderAPI\OpenGLShader.h" />
    <ClInclude Include="src\ShaderAPI\ShaderAPI.h" />
    <ClInclude Include="src\UIAPI\UIAPI.h" />
    <ClInclude Include="src\UIAPI\Theme.h" />
    <ClInclude Include="src\ConsoleManager.h" />
    <ClInclude Include="src\FreeImage.h" />
    <ClInclude Include="src\ImGuiConsoleManager.h" />
    <ClInclude Include="src\InputManager.h" />
  </ItemGroup>
  <ItemGroup>
    <ClCompile Include="glad.c" />
    <ClCompile Include="imgui\imgui.cpp" />
    <ClCompile Include="imgui\imgui_demo.cpp" />
    <ClCompile Include="imgui\imgui_draw.cpp" />
    <ClCompile Include="imgui\imgui_tables.cpp" />
    <ClCompile Include="imgui\imgui_widgets.cpp" />
    <ClCompile Include="src\ModelAPI\ModelLoader.h" />
    <ClCompile Include="src\RenderAPI\OpenGLRenderer.h" />
    <ClCompile Include="src\ObjectCollider.cpp" />
    <ClCompile Include="src\PhysicsManager.cpp" />
    <ClCompile Include="src\RigidBody.cpp" />
    <ClCompile Include="src\SceneAPI.cpp" />
    <ClCompile Include="src\InputManager.cpp" />
    <ClCompile Include="src\LogManager.cpp" />
    <ClCompile Include="main.cpp" />
  </ItemGroup>
  <ItemGroup>
    <ClCompile Include="imgui\backends\imgui_impl_dx11.cpp" />
    <ClCompile Include="imgui\backends\imgui_impl_glfw.cpp" />
    <ClCompile Include="imgui\backends\imgui_impl_opengl3.cpp" />
    <ClCompile Include="imgui\backends\imgui_impl_win32.cpp" />
    <ClCompile Include="src\AudioAPI\AudioManager.cpp" />
    <ClCompile Include="src\AudioAPI\Sound.cpp" />
  </ItemGroup>
  <ItemGroup>
    <Media Include="Sounds\NIKKE.mp3" />
  </ItemGroup>
</Project>